
Microsoft Visual Studio Solution File, Format Version 12.00
# Visual Studio 15
VisualStudioVersion = 15.0.27520.0
MinimumVisualStudioVersion = 10.0.40219.1
Project("{FAE04EC0-301F-11D3-BF4B-00C04F79EFBC}") = "Lesson39ForWithIf", "Lesson39ForWithIf\Lesson39ForWithIf.csproj", "{20FD9990-F906-4176-AD22-D64BCAEEC14F}"
EndProject
Global
	GlobalSection(SolutionConfigurationPlatforms) = preSolution
		Debug|Any CPU = Debug|Any CPU
		Release|Any CPU = Release|Any CPU
	EndGlobalSection
	GlobalSection(ProjectConfigurationPlatforms) = postSolution
		{20FD9990-F906-4176-AD22-D64BCAEEC14F}.Debug|Any CPU.ActiveCfg = Debug|Any CPU
		{20FD9990-F906-4176-AD22-D64BCAEEC14F}.Debug|Any CPU.Build.0 = Debug|Any CPU
		{20FD9990-F906-4176-AD22-D64BCAEEC14F}.Release|Any CPU.ActiveCfg = Release|Any CPU
		{20FD9990-F906-4176-AD22-D64BCAEEC14F}.Release|Any CPU.Build.0 = Release|Any CPU
	EndGlobalSection
	GlobalSection(SolutionProperties) = preSolution
		HideSolutionNode = FALSE
	EndGlobalSection
	GlobalSection(ExtensibilityGlobals) = postSolution
		SolutionGuid = {8D3D4A4F-2F46-4292-B0A1-B7762CD6B06D}
	EndGlobalSection
EndGlobal
