
Microsoft Visual Studio Solution File, Format Version 12.00
# Visual Studio 15
VisualStudioVersion = 15.0.27520.0
MinimumVisualStudioVersion = 10.0.40219.1
Project("{FAE04EC0-301F-11D3-BF4B-00C04F79EFBC}") = "Lesson31WhileLoopsPart1", "Lesson31WhileLoopsPart1\Lesson31WhileLoopsPart1.csproj", "{2227C91F-4360-4C97-A194-D60928935335}"
EndProject
Global
	GlobalSection(SolutionConfigurationPlatforms) = preSolution
		Debug|Any CPU = Debug|Any CPU
		Release|Any CPU = Release|Any CPU
	EndGlobalSection
	GlobalSection(ProjectConfigurationPlatforms) = postSolution
		{2227C91F-4360-4C97-A194-D60928935335}.Debug|Any CPU.ActiveCfg = Debug|Any CPU
		{2227C91F-4360-4C97-A194-D60928935335}.Debug|Any CPU.Build.0 = Debug|Any CPU
		{2227C91F-4360-4C97-A194-D60928935335}.Release|Any CPU.ActiveCfg = Release|Any CPU
		{2227C91F-4360-4C97-A194-D60928935335}.Release|Any CPU.Build.0 = Release|Any CPU
	EndGlobalSection
	GlobalSection(SolutionProperties) = preSolution
		HideSolutionNode = FALSE
	EndGlobalSection
	GlobalSection(ExtensibilityGlobals) = postSolution
		SolutionGuid = {1479AF82-B0E5-478C-BFBB-0844901C1C25}
	EndGlobalSection
EndGlobal
