
Microsoft Visual Studio Solution File, Format Version 12.00
# Visual Studio 15
VisualStudioVersion = 15.0.27520.0
MinimumVisualStudioVersion = 10.0.40219.1
Project("{FAE04EC0-301F-11D3-BF4B-00C04F79EFBC}") = "Lesson40StringInMemory", "Lesson40StringInMemory\Lesson40StringInMemory.csproj", "{D2BD15BA-D389-42E9-9CB1-71199BE288CD}"
EndProject
Global
	GlobalSection(SolutionConfigurationPlatforms) = preSolution
		Debug|Any CPU = Debug|Any CPU
		Release|Any CPU = Release|Any CPU
	EndGlobalSection
	GlobalSection(ProjectConfigurationPlatforms) = postSolution
		{D2BD15BA-D389-42E9-9CB1-71199BE288CD}.Debug|Any CPU.ActiveCfg = Debug|Any CPU
		{D2BD15BA-D389-42E9-9CB1-71199BE288CD}.Debug|Any CPU.Build.0 = Debug|Any CPU
		{D2BD15BA-D389-42E9-9CB1-71199BE288CD}.Release|Any CPU.ActiveCfg = Release|Any CPU
		{D2BD15BA-D389-42E9-9CB1-71199BE288CD}.Release|Any CPU.Build.0 = Release|Any CPU
	EndGlobalSection
	GlobalSection(SolutionProperties) = preSolution
		HideSolutionNode = FALSE
	EndGlobalSection
	GlobalSection(ExtensibilityGlobals) = postSolution
		SolutionGuid = {B32385D1-CC53-4289-9776-CC2B6413A5F2}
	EndGlobalSection
EndGlobal
