
Microsoft Visual Studio Solution File, Format Version 12.00
# Visual Studio 15
VisualStudioVersion = 15.0.27520.0
MinimumVisualStudioVersion = 10.0.40219.1
Project("{FAE04EC0-301F-11D3-BF4B-00C04F79EFBC}") = "Lesson54OrBasics", "Lesson54OrBasics\Lesson54OrBasics.csproj", "{78B3C130-D253-4449-A635-B8E9809BBF2E}"
EndProject
Global
	GlobalSection(SolutionConfigurationPlatforms) = preSolution
		Debug|Any CPU = Debug|Any CPU
		Release|Any CPU = Release|Any CPU
	EndGlobalSection
	GlobalSection(ProjectConfigurationPlatforms) = postSolution
		{78B3C130-D253-4449-A635-B8E9809BBF2E}.Debug|Any CPU.ActiveCfg = Debug|Any CPU
		{78B3C130-D253-4449-A635-B8E9809BBF2E}.Debug|Any CPU.Build.0 = Debug|Any CPU
		{78B3C130-D253-4449-A635-B8E9809BBF2E}.Release|Any CPU.ActiveCfg = Release|Any CPU
		{78B3C130-D253-4449-A635-B8E9809BBF2E}.Release|Any CPU.Build.0 = Release|Any CPU
	EndGlobalSection
	GlobalSection(SolutionProperties) = preSolution
		HideSolutionNode = FALSE
	EndGlobalSection
	GlobalSection(ExtensibilityGlobals) = postSolution
		SolutionGuid = {451076FA-19C6-4860-8099-D7529D12C239}
	EndGlobalSection
EndGlobal
