
Microsoft Visual Studio Solution File, Format Version 12.00
# Visual Studio 15
VisualStudioVersion = 15.0.27520.0
MinimumVisualStudioVersion = 10.0.40219.1
Project("{FAE04EC0-301F-11D3-BF4B-00C04F79EFBC}") = "Lesson13BasicMath", "Lesson13BasicMath\Lesson13BasicMath.csproj", "{95C53D30-03F2-4B94-A172-396EEB351E65}"
EndProject
Global
	GlobalSection(SolutionConfigurationPlatforms) = preSolution
		Debug|Any CPU = Debug|Any CPU
		Release|Any CPU = Release|Any CPU
	EndGlobalSection
	GlobalSection(ProjectConfigurationPlatforms) = postSolution
		{95C53D30-03F2-4B94-A172-396EEB351E65}.Debug|Any CPU.ActiveCfg = Debug|Any CPU
		{95C53D30-03F2-4B94-A172-396EEB351E65}.Debug|Any CPU.Build.0 = Debug|Any CPU
		{95C53D30-03F2-4B94-A172-396EEB351E65}.Release|Any CPU.ActiveCfg = Release|Any CPU
		{95C53D30-03F2-4B94-A172-396EEB351E65}.Release|Any CPU.Build.0 = Release|Any CPU
	EndGlobalSection
	GlobalSection(SolutionProperties) = preSolution
		HideSolutionNode = FALSE
	EndGlobalSection
	GlobalSection(ExtensibilityGlobals) = postSolution
		SolutionGuid = {8400204F-C169-4568-A10E-D3241EAB19CB}
	EndGlobalSection
EndGlobal
