
Microsoft Visual Studio Solution File, Format Version 12.00
# Visual Studio 15
VisualStudioVersion = 15.0.27520.0
MinimumVisualStudioVersion = 10.0.40219.1
Project("{FAE04EC0-301F-11D3-BF4B-00C04F79EFBC}") = "Lesson32WhileLoopsHighToLow", "Lesson32WhileLoopsHighToLow\Lesson32WhileLoopsHighToLow.csproj", "{7041C8B0-4025-42B5-8955-BE3BA096583B}"
EndProject
Global
	GlobalSection(SolutionConfigurationPlatforms) = preSolution
		Debug|Any CPU = Debug|Any CPU
		Release|Any CPU = Release|Any CPU
	EndGlobalSection
	GlobalSection(ProjectConfigurationPlatforms) = postSolution
		{7041C8B0-4025-42B5-8955-BE3BA096583B}.Debug|Any CPU.ActiveCfg = Debug|Any CPU
		{7041C8B0-4025-42B5-8955-BE3BA096583B}.Debug|Any CPU.Build.0 = Debug|Any CPU
		{7041C8B0-4025-42B5-8955-BE3BA096583B}.Release|Any CPU.ActiveCfg = Release|Any CPU
		{7041C8B0-4025-42B5-8955-BE3BA096583B}.Release|Any CPU.Build.0 = Release|Any CPU
	EndGlobalSection
	GlobalSection(SolutionProperties) = preSolution
		HideSolutionNode = FALSE
	EndGlobalSection
	GlobalSection(ExtensibilityGlobals) = postSolution
		SolutionGuid = {33AE3CBF-6330-443F-9125-BEB3747CD975}
	EndGlobalSection
EndGlobal
