
Microsoft Visual Studio Solution File, Format Version 12.00
# Visual Studio 15
VisualStudioVersion = 15.0.27520.0
MinimumVisualStudioVersion = 10.0.40219.1
Project("{FAE04EC0-301F-11D3-BF4B-00C04F79EFBC}") = "Lesson20MethodChaining", "Lesson20MethodChaining\Lesson20MethodChaining.csproj", "{335D6581-16EA-464B-94E6-439CCE513B86}"
EndProject
Global
	GlobalSection(SolutionConfigurationPlatforms) = preSolution
		Debug|Any CPU = Debug|Any CPU
		Release|Any CPU = Release|Any CPU
	EndGlobalSection
	GlobalSection(ProjectConfigurationPlatforms) = postSolution
		{335D6581-16EA-464B-94E6-439CCE513B86}.Debug|Any CPU.ActiveCfg = Debug|Any CPU
		{335D6581-16EA-464B-94E6-439CCE513B86}.Debug|Any CPU.Build.0 = Debug|Any CPU
		{335D6581-16EA-464B-94E6-439CCE513B86}.Release|Any CPU.ActiveCfg = Release|Any CPU
		{335D6581-16EA-464B-94E6-439CCE513B86}.Release|Any CPU.Build.0 = Release|Any CPU
	EndGlobalSection
	GlobalSection(SolutionProperties) = preSolution
		HideSolutionNode = FALSE
	EndGlobalSection
	GlobalSection(ExtensibilityGlobals) = postSolution
		SolutionGuid = {7EB7340D-DD99-4BCC-BA85-823B463D31BD}
	EndGlobalSection
EndGlobal
