
Microsoft Visual Studio Solution File, Format Version 12.00
# Visual Studio 15
VisualStudioVersion = 15.0.27520.0
MinimumVisualStudioVersion = 10.0.40219.1
Project("{FAE04EC0-301F-11D3-BF4B-00C04F79EFBC}") = "Lesson56VoidMethod", "Lesson56VoidMethod\Lesson56VoidMethod.csproj", "{714890AC-DE75-4AE1-9668-93A21905C919}"
EndProject
Global
	GlobalSection(SolutionConfigurationPlatforms) = preSolution
		Debug|Any CPU = Debug|Any CPU
		Release|Any CPU = Release|Any CPU
	EndGlobalSection
	GlobalSection(ProjectConfigurationPlatforms) = postSolution
		{714890AC-DE75-4AE1-9668-93A21905C919}.Debug|Any CPU.ActiveCfg = Debug|Any CPU
		{714890AC-DE75-4AE1-9668-93A21905C919}.Debug|Any CPU.Build.0 = Debug|Any CPU
		{714890AC-DE75-4AE1-9668-93A21905C919}.Release|Any CPU.ActiveCfg = Release|Any CPU
		{714890AC-DE75-4AE1-9668-93A21905C919}.Release|Any CPU.Build.0 = Release|Any CPU
	EndGlobalSection
	GlobalSection(SolutionProperties) = preSolution
		HideSolutionNode = FALSE
	EndGlobalSection
	GlobalSection(ExtensibilityGlobals) = postSolution
		SolutionGuid = {CB64AA5C-EA94-4A5A-8E44-0EE016892C0E}
	EndGlobalSection
EndGlobal
