
Microsoft Visual Studio Solution File, Format Version 12.00
# Visual Studio 15
VisualStudioVersion = 15.0.27520.0
MinimumVisualStudioVersion = 10.0.40219.1
Project("{FAE04EC0-301F-11D3-BF4B-00C04F79EFBC}") = "Lesson42LinqPart1", "Lesson42LinqPart1\Lesson42LinqPart1.csproj", "{DEA63F3C-193E-4D58-9483-12DB0092D123}"
EndProject
Global
	GlobalSection(SolutionConfigurationPlatforms) = preSolution
		Debug|Any CPU = Debug|Any CPU
		Release|Any CPU = Release|Any CPU
	EndGlobalSection
	GlobalSection(ProjectConfigurationPlatforms) = postSolution
		{DEA63F3C-193E-4D58-9483-12DB0092D123}.Debug|Any CPU.ActiveCfg = Debug|Any CPU
		{DEA63F3C-193E-4D58-9483-12DB0092D123}.Debug|Any CPU.Build.0 = Debug|Any CPU
		{DEA63F3C-193E-4D58-9483-12DB0092D123}.Release|Any CPU.ActiveCfg = Release|Any CPU
		{DEA63F3C-193E-4D58-9483-12DB0092D123}.Release|Any CPU.Build.0 = Release|Any CPU
	EndGlobalSection
	GlobalSection(SolutionProperties) = preSolution
		HideSolutionNode = FALSE
	EndGlobalSection
	GlobalSection(ExtensibilityGlobals) = postSolution
		SolutionGuid = {A3CF0C7A-0EBF-4250-8D26-7733EE32BA5F}
	EndGlobalSection
EndGlobal
