
Microsoft Visual Studio Solution File, Format Version 12.00
# Visual Studio 15
VisualStudioVersion = 15.0.27520.0
MinimumVisualStudioVersion = 10.0.40219.1
Project("{FAE04EC0-301F-11D3-BF4B-00C04F79EFBC}") = "Lesson16StringMoreDetail", "Lesson16StringMoreDetail\Lesson16StringMoreDetail.csproj", "{215D238F-5EB1-4B9F-82F0-C9000C2F099B}"
EndProject
Global
	GlobalSection(SolutionConfigurationPlatforms) = preSolution
		Debug|Any CPU = Debug|Any CPU
		Release|Any CPU = Release|Any CPU
	EndGlobalSection
	GlobalSection(ProjectConfigurationPlatforms) = postSolution
		{215D238F-5EB1-4B9F-82F0-C9000C2F099B}.Debug|Any CPU.ActiveCfg = Debug|Any CPU
		{215D238F-5EB1-4B9F-82F0-C9000C2F099B}.Debug|Any CPU.Build.0 = Debug|Any CPU
		{215D238F-5EB1-4B9F-82F0-C9000C2F099B}.Release|Any CPU.ActiveCfg = Release|Any CPU
		{215D238F-5EB1-4B9F-82F0-C9000C2F099B}.Release|Any CPU.Build.0 = Release|Any CPU
	EndGlobalSection
	GlobalSection(SolutionProperties) = preSolution
		HideSolutionNode = FALSE
	EndGlobalSection
	GlobalSection(ExtensibilityGlobals) = postSolution
		SolutionGuid = {6A910F8A-09E9-4FC0-8F35-314A24F68B10}
	EndGlobalSection
EndGlobal
